// !$*UTF8*$!
{
	archiveVersion = 1;
	classes = {
	};
	objectVersion = 50;
	objects = {

/* Begin PBXGroup section */
		B109F69125FC6C2100AD1CE6 = {
			isa = PBXGroup;
			children = (
			);
			sourceTree = "<group>";
		};
/* End PBXGroup section */

/* Begin PBXProject section */
		B109F69225FC6C2100AD1CE6 /* Project object */ = {
			isa = PBXProject;
			attributes = {
				LastUpgradeCheck = 1200;
			};
			buildConfigurationList = B109F69525FC6C2100AD1CE6 /* Build configuration list for PBXProject "Vitalize_iOS" */;
			compatibilityVersion = "Xcode 9.3";
			developmentRegion = en;
			hasScannedForEncodings = 0;
			knownRegions = (
				en,
				Base,
			);
			mainGroup = B109F69125FC6C2100AD1CE6;
			projectDirPath = "";
			projectRoot = "";
			targets = (
			);
		};
/* End PBXProject section */

/* Begin XCBuildConfiguration section */
		B109F69625FC6C2100AD1CE6 /* Debug */ = {
			isa = XCBuildConfiguration;
			buildSettings = {
			};
			name = Debug;
		};
		B109F69725FC6C2100AD1CE6 /* Release */ = {
			isa = XCBuildConfiguration;
			buildSettings = {
			};
			name = Release;
		};
/* End XCBuildConfiguration section */

/* Begin XCConfigurationList section */
		B109F69525FC6C2100AD1CE6 /* Build configuration list for PBXProject "Vitalize_iOS" */ = {
			isa = XCConfigurationList;
			buildConfigurations = (
				B109F69625FC6C2100AD1CE6 /* Debug */,
				B109F69725FC6C2100AD1CE6 /* Release */,
			);
			defaultConfigurationIsVisible = 0;
			defaultConfigurationName = Release;
		};
/* End XCConfigurationList section */
	};
	rootObject = B109F69225FC6C2100AD1CE6 /* Project object */;
}
